
Microsoft Visual Studio Solution File, Format Version 12.00
# Visual Studio Version 16
VisualStudioVersion = 16.0.30611.23
MinimumVisualStudioVersion = 10.0.40219.1
Project("{FAE04EC0-301F-11D3-BF4B-00C04F79EFBC}") = "Server", "Server\Server.csproj", "{B3DD283D-13C4-454A-B1CE-9D3799DCC75B}"
EndProject
Project("{FAE04EC0-301F-11D3-BF4B-00C04F79EFBC}") = "Client", "Client\Client.csproj", "{E53793B1-0F5A-4331-A91A-1B9ED6EDAAA3}"
EndProject
Project("{FAE04EC0-301F-11D3-BF4B-00C04F79EFBC}") = "Communication", "Network\Communication.csproj", "{1F9E87F9-7967-4C7F-833E-1F9EF815C475}"
EndProject
Global
	GlobalSection(SolutionConfigurationPlatforms) = preSolution
		Debug|Any CPU = Debug|Any CPU
		Release|Any CPU = Release|Any CPU
	EndGlobalSection
	GlobalSection(ProjectConfigurationPlatforms) = postSolution
		{B3DD283D-13C4-454A-B1CE-9D3799DCC75B}.Debug|Any CPU.ActiveCfg = Debug|Any CPU
		{B3DD283D-13C4-454A-B1CE-9D3799DCC75B}.Debug|Any CPU.Build.0 = Debug|Any CPU
		{B3DD283D-13C4-454A-B1CE-9D3799DCC75B}.Release|Any CPU.ActiveCfg = Release|Any CPU
		{B3DD283D-13C4-454A-B1CE-9D3799DCC75B}.Release|Any CPU.Build.0 = Release|Any CPU
		{E53793B1-0F5A-4331-A91A-1B9ED6EDAAA3}.Debug|Any CPU.ActiveCfg = Debug|Any CPU
		{E53793B1-0F5A-4331-A91A-1B9ED6EDAAA3}.Debug|Any CPU.Build.0 = Debug|Any CPU
		{E53793B1-0F5A-4331-A91A-1B9ED6EDAAA3}.Release|Any CPU.ActiveCfg = Release|Any CPU
		{E53793B1-0F5A-4331-A91A-1B9ED6EDAAA3}.Release|Any CPU.Build.0 = Release|Any CPU
		{1F9E87F9-7967-4C7F-833E-1F9EF815C475}.Debug|Any CPU.ActiveCfg = Debug|Any CPU
		{1F9E87F9-7967-4C7F-833E-1F9EF815C475}.Debug|Any CPU.Build.0 = Debug|Any CPU
		{1F9E87F9-7967-4C7F-833E-1F9EF815C475}.Release|Any CPU.ActiveCfg = Release|Any CPU
		{1F9E87F9-7967-4C7F-833E-1F9EF815C475}.Release|Any CPU.Build.0 = Release|Any CPU
	EndGlobalSection
	GlobalSection(SolutionProperties) = preSolution
		HideSolutionNode = FALSE
	EndGlobalSection
	GlobalSection(ExtensibilityGlobals) = postSolution
		SolutionGuid = {9081035B-9B1A-4052-ABD6-8F53FC4862CF}
	EndGlobalSection
EndGlobal
